{
  "version": 4,
  "terraform_version": "1.3.9",
  "serial": 17,
  "lineage": "9d2b39b4-5385-27dd-bfe3-0cd84d4f6366",
  "outputs": {},
  "resources": [
    {
      "mode": "managed",
      "type": "google_secret_manager_secret",
      "name": "bank-transactions-db-user-password",
      "provider": "provider[\"registry.terraform.io/hashicorp/google\"]",
      "instances": [
        {
          "schema_version": 0,
          "attributes": {
            "create_time": "2023-04-04T14:56:32.534855Z",
            "expire_time": "",
            "id": "projects/develop-382610/secrets/bank-transactions-user-password",
            "labels": {},
            "name": "projects/1093620592506/secrets/bank-transactions-user-password",
            "project": "develop-382610",
            "replication": [
              {
                "automatic": false,
                "user_managed": [
                  {
                    "replicas": [
                      {
                        "customer_managed_encryption": [],
                        "location": "europe-west6"
                      }
                    ]
                  }
                ]
              }
            ],
            "rotation": [],
            "secret_id": "bank-transactions-user-password",
            "timeouts": null,
            "topics": [],
            "ttl": null
          },
          "sensitive_attributes": [],
          "private": "eyJlMmJmYjczMC1lY2FhLTExZTYtOGY4OC0zNDM2M2JjN2M0YzAiOnsiY3JlYXRlIjoxMjAwMDAwMDAwMDAwLCJkZWxldGUiOjEyMDAwMDAwMDAwMDAsInVwZGF0ZSI6MTIwMDAwMDAwMDAwMH19"
        }
      ]
    },
    {
      "mode": "managed",
      "type": "google_sql_database",
      "name": "database",
      "provider": "provider[\"registry.terraform.io/hashicorp/google\"]",
      "instances": [
        {
          "schema_version": 0,
          "attributes": {
            "charset": "utf8mb4",
            "collation": "utf8mb4_0900_ai_ci",
            "deletion_policy": "DELETE",
            "id": "projects/develop-382610/instances/bank-transactions-api-db/databases/bank_transactions",
            "instance": "bank-transactions-api-db",
            "name": "bank_transactions",
            "project": "develop-382610",
            "self_link": "https://sqladmin.googleapis.com/sql/v1beta4/projects/develop-382610/instances/bank-transactions-api-db/databases/bank_transactions",
            "timeouts": null
          },
          "sensitive_attributes": [],
          "private": "eyJlMmJmYjczMC1lY2FhLTExZTYtOGY4OC0zNDM2M2JjN2M0YzAiOnsiY3JlYXRlIjoxMjAwMDAwMDAwMDAwLCJkZWxldGUiOjEyMDAwMDAwMDAwMDAsInVwZGF0ZSI6MTIwMDAwMDAwMDAwMH19",
          "dependencies": [
            "google_sql_database_instance.bank-transactions-api-db"
          ]
        }
      ]
    },
    {
      "mode": "managed",
      "type": "google_sql_database_instance",
      "name": "bank-transactions-api-db",
      "provider": "provider[\"registry.terraform.io/hashicorp/google\"]",
      "instances": [
        {
          "schema_version": 0,
          "attributes": {
            "available_maintenance_versions": [],
            "clone": [],
            "connection_name": "develop-382610:europe-west6:bank-transactions-api-db",
            "database_version": "MYSQL_8_0_26",
            "deletion_protection": true,
            "encryption_key_name": null,
            "first_ip_address": "34.65.237.173",
            "id": "bank-transactions-api-db",
            "instance_type": "CLOUD_SQL_INSTANCE",
            "ip_address": [
              {
                "ip_address": "34.65.237.173",
                "time_to_retire": "",
                "type": "PRIMARY"
              }
            ],
            "maintenance_version": "MYSQL_8_0_26.R20230314.03_02",
            "master_instance_name": "",
            "name": "bank-transactions-api-db",
            "private_ip_address": "",
            "project": "develop-382610",
            "public_ip_address": "34.65.237.173",
            "region": "europe-west6",
            "replica_configuration": [],
            "restore_backup_context": [],
            "root_password": null,
            "self_link": "https://sqladmin.googleapis.com/sql/v1beta4/projects/develop-382610/instances/bank-transactions-api-db",
            "server_ca_cert": [
              {
                "cert": "-----BEGIN CERTIFICATE-----\nMIIDfzCCAmegAwIBAgIBADANBgkqhkiG9w0BAQsFADB3MS0wKwYDVQQuEyQyN2Yw\nNzBjMC0zZTliLTQyZDktOTZmYi01OTQ5YzM3NDcwYmMxIzAhBgNVBAMTGkdvb2ds\nZSBDbG91ZCBTUUwgU2VydmVyIENBMRQwEgYDVQQKEwtHb29nbGUsIEluYzELMAkG\nA1UEBhMCVVMwHhcNMjMwNDA0MDkxNzM4WhcNMzMwNDAxMDkxODM4WjB3MS0wKwYD\nVQQuEyQyN2YwNzBjMC0zZTliLTQyZDktOTZmYi01OTQ5YzM3NDcwYmMxIzAhBgNV\nBAMTGkdvb2dsZSBDbG91ZCBTUUwgU2VydmVyIENBMRQwEgYDVQQKEwtHb29nbGUs\nIEluYzELMAkGA1UEBhMCVVMwggEiMA0GCSqGSIb3DQEBAQUAA4IBDwAwggEKAoIB\nAQCLvntfe5vr1Q3ttQEGWJIPcUwgV10S5FEUhtDq7VszABzIG8JeooGsgtrQCGPU\nIz8fNnOU9NO6o55vztVM8UmNgQeWpRFyj7WscFpJxcWdeZ1BdhDmOEpGMyo1Avn7\nXieX3F75sPtUWfj7C8wFXTmLlpefcZ7FYGA5jZAN7LFQKqmuxMHrq2o8kJTJNxwa\nUaC+tH6CmCgE0RNw8/oEqLcXnuWcUaYAomJBiZ3HVA8zOb/0miiNxFGMuWASEZ2t\nkg0rAFjPpb20Wotv3kiROPf3JJQHHucyDzlfEaUCu5NbweLUz9HTbSvKx3LtOHW2\nxDfEMSwWD/s2E/Q57WjCjYn3AgMBAAGjFjAUMBIGA1UdEwEB/wQIMAYBAf8CAQAw\nDQYJKoZIhvcNAQELBQADggEBADqbNmwKNEiHL1EY0t5ppB37uxNOt8JNk24mzRyp\nl33UpsvScYUZ9E9Gw9pfDWIwJ420txBp5vmz9g5HQY9I/OyMbpcpMGEr82nmkZZY\nmxEGPX2vUN9987K5/TRRexkW8866h+8/39c1ARzWFgcAh3pryBnremAMgTFUVdLW\nN+mutaGRF6hpFqLBzzNhe0OVQ2pLdph25thhy7puiYy8rzfWwJT4SOxxRWIO+Src\ngU4axCibpeJbIIa/Jq2+m1JfW2aBj4eBkraPR4PgHtc0B0JUJFsfgAmcKGrWrJWh\n+XbbT3m7hK7+tKKx4zWPsUX3sFlSfyNSXDSBNlMU9R4srKg=\n-----END CERTIFICATE-----",
                "common_name": "C=US,O=Google\\, Inc,CN=Google Cloud SQL Server CA,dnQualifier=27f070c0-3e9b-42d9-96fb-5949c37470bc",
                "create_time": "2023-04-04T09:17:38.098Z",
                "expiration_time": "2033-04-01T09:18:38.098Z",
                "sha1_fingerprint": "1b95a9a4d08e4538a4deb25f29df3abab465d2ac"
              }
            ],
            "service_account_email_address": "p1093620592506-urhsa9@gcp-sa-cloud-sql.iam.gserviceaccount.com",
            "settings": [
              {
                "activation_policy": "ALWAYS",
                "active_directory_config": [],
                "availability_type": "ZONAL",
                "backup_configuration": [
                  {
                    "backup_retention_settings": [
                      {
                        "retained_backups": 7,
                        "retention_unit": "COUNT"
                      }
                    ],
                    "binary_log_enabled": true,
                    "enabled": true,
                    "location": "eu",
                    "point_in_time_recovery_enabled": false,
                    "start_time": "20:00",
                    "transaction_log_retention_days": 7
                  }
                ],
                "collation": "",
                "connector_enforcement": "NOT_REQUIRED",
                "database_flags": [],
                "deletion_protection_enabled": false,
                "deny_maintenance_period": [],
                "disk_autoresize": true,
                "disk_autoresize_limit": 0,
                "disk_size": 10,
                "disk_type": "PD_SSD",
                "insights_config": [],
                "ip_configuration": [
                  {
                    "allocated_ip_range": "",
                    "authorized_networks": [],
                    "ipv4_enabled": true,
                    "private_network": "",
                    "require_ssl": false
                  }
                ],
                "location_preference": [
                  {
                    "follow_gae_application": "",
                    "secondary_zone": "",
                    "zone": "europe-west6-a"
                  }
                ],
                "maintenance_window": [],
                "password_validation_policy": [],
                "pricing_plan": "PER_USE",
                "sql_server_audit_config": [],
                "tier": "db-custom-1-3840",
                "time_zone": "",
                "user_labels": {},
                "version": 7
              }
            ],
            "timeouts": null
          },
          "sensitive_attributes": [],
          "private": "eyJlMmJmYjczMC1lY2FhLTExZTYtOGY4OC0zNDM2M2JjN2M0YzAiOnsiY3JlYXRlIjoyNDAwMDAwMDAwMDAwLCJkZWxldGUiOjE4MDAwMDAwMDAwMDAsInVwZGF0ZSI6MTgwMDAwMDAwMDAwMH19"
        }
      ]
    },
    {
      "mode": "managed",
      "type": "google_sql_user",
      "name": "users",
      "provider": "provider[\"registry.terraform.io/hashicorp/google\"]",
      "instances": [
        {
          "schema_version": 1,
          "attributes": {
            "deletion_policy": null,
            "host": "",
            "id": "api//bank-transactions-api-db",
            "instance": "bank-transactions-api-db",
            "name": "api",
            "password": "lOVBTXO4L5QR3O6",
            "password_policy": [],
            "project": "develop-382610",
            "sql_server_user_details": [],
            "timeouts": null,
            "type": ""
          },
          "sensitive_attributes": [],
          "private": "eyJlMmJmYjczMC1lY2FhLTExZTYtOGY4OC0zNDM2M2JjN2M0YzAiOnsiY3JlYXRlIjo2MDAwMDAwMDAwMDAsImRlbGV0ZSI6NjAwMDAwMDAwMDAwLCJ1cGRhdGUiOjYwMDAwMDAwMDAwMH0sInNjaGVtYV92ZXJzaW9uIjoiMSJ9",
          "dependencies": [
            "google_sql_database_instance.bank-transactions-api-db"
          ]
        }
      ]
    },
    {
      "module": "module.cloud_run",
      "mode": "managed",
      "type": "google_cloud_run_service",
      "name": "main",
      "provider": "provider[\"registry.terraform.io/hashicorp/google-beta\"]",
      "instances": [
        {
          "schema_version": 1,
          "attributes": {
            "autogenerate_revision_name": true,
            "id": "locations/europe-west6/namespaces/develop-382610/services/bank-transactions-api",
            "location": "europe-west6",
            "metadata": [
              {
                "annotations": {
                  "run.googleapis.com/ingress": "all",
                  "run.googleapis.com/ingress-status": "all",
                  "run.googleapis.com/operation-id": "0b51e9ba-1eaa-4f40-999a-c2045292db51",
                  "serving.knative.dev/creator": "mattia.zaffalon@gmail.com",
                  "serving.knative.dev/lastModifier": "mattia.zaffalon@gmail.com"
                },
                "generation": 11,
                "labels": {
                  "cloud.googleapis.com/location": "europe-west6"
                },
                "namespace": "develop-382610",
                "resource_version": "AAX4hAWwZvw",
                "self_link": "/apis/serving.knative.dev/v1/namespaces/1093620592506/services/bank-transactions-api",
                "uid": "3911d5ea-c665-4c9d-96fc-070261d9fecb"
              }
            ],
            "name": "bank-transactions-api",
            "project": "develop-382610",
            "status": [
              {
                "conditions": [
                  {
                    "message": "",
                    "reason": "",
                    "status": "True",
                    "type": "Ready"
                  },
                  {
                    "message": "",
                    "reason": "",
                    "status": "True",
                    "type": "ConfigurationsReady"
                  },
                  {
                    "message": "",
                    "reason": "",
                    "status": "True",
                    "type": "RoutesReady"
                  }
                ],
                "latest_created_revision_name": "bank-transactions-api-z8xvq",
                "latest_ready_revision_name": "bank-transactions-api-z8xvq",
                "observed_generation": 11,
                "url": "https://bank-transactions-api-umhu5jzdtq-oa.a.run.app"
              }
            ],
            "template": [
              {
                "metadata": [
                  {
                    "annotations": {
                      "autoscaling.knative.dev/maxScale": "2",
                      "autoscaling.knative.dev/minScale": "1",
                      "generated-by": "terraform",
                      "run.googleapis.com/client-name": "terraform"
                    },
                    "generation": 0,
                    "labels": {},
                    "name": "",
                    "namespace": "",
                    "resource_version": "",
                    "self_link": "",
                    "uid": ""
                  }
                ],
                "spec": [
                  {
                    "container_concurrency": 80,
                    "containers": [
                      {
                        "args": [],
                        "command": [],
                        "env": [
                          {
                            "name": "DB_DATABASE",
                            "value": "bank_transactions",
                            "value_from": []
                          },
                          {
                            "name": "DB_HOST",
                            "value": "34.65.237.173",
                            "value_from": []
                          },
                          {
                            "name": "DB_NAME",
                            "value": "bank_transactions",
                            "value_from": []
                          },
                          {
                            "name": "DB_PASSWORD",
                            "value": "lOVBTXO4L5QR3O6",
                            "value_from": []
                          },
                          {
                            "name": "DB_PORT",
                            "value": "3306",
                            "value_from": []
                          },
                          {
                            "name": "DB_USER",
                            "value": "api",
                            "value_from": []
                          },
                          {
                            "name": "INSTANCE_CONNECTION_NAME",
                            "value": "develop-382610:europe-west6:bank-transactions-api-db",
                            "value_from": []
                          },
                          {
                            "name": "RUN_ENVIRONMENT",
                            "value": "gcp",
                            "value_from": []
                          }
                        ],
                        "env_from": [],
                        "image": "gcr.io/cloudrun/hello",
                        "liveness_probe": [],
                        "ports": [
                          {
                            "container_port": 8080,
                            "name": "http1",
                            "protocol": ""
                          }
                        ],
                        "resources": [
                          {
                            "limits": {
                              "cpu": "1000m",
                              "memory": "512Mi"
                            },
                            "requests": {}
                          }
                        ],
                        "startup_probe": [
                          {
                            "failure_threshold": 1,
                            "grpc": [],
                            "http_get": [],
                            "initial_delay_seconds": 0,
                            "period_seconds": 240,
                            "tcp_socket": [
                              {
                                "port": 8080
                              }
                            ],
                            "timeout_seconds": 240
                          }
                        ],
                        "volume_mounts": [],
                        "working_dir": ""
                      }
                    ],
                    "service_account_name": "1093620592506-compute@developer.gserviceaccount.com",
                    "serving_state": "",
                    "timeout_seconds": 120,
                    "volumes": []
                  }
                ]
              }
            ],
            "timeouts": null,
            "traffic": [
              {
                "latest_revision": true,
                "percent": 100,
                "revision_name": "",
                "tag": "",
                "url": ""
              }
            ]
          },
          "sensitive_attributes": [],
          "private": "eyJlMmJmYjczMC1lY2FhLTExZTYtOGY4OC0zNDM2M2JjN2M0YzAiOnsiY3JlYXRlIjoxMjAwMDAwMDAwMDAwLCJkZWxldGUiOjEyMDAwMDAwMDAwMDAsInVwZGF0ZSI6MTIwMDAwMDAwMDAwMH0sInNjaGVtYV92ZXJzaW9uIjoiMSJ9",
          "dependencies": [
            "google_sql_database.database",
            "google_sql_database_instance.bank-transactions-api-db"
          ]
        }
      ]
    }
  ],
  "check_results": null
}
